# This file was autogenerated by uv via the following command:
#    uv export --project python/analytics --locked --format requirements-txt --no-emit-project --output-file python/analytics/requirements.lock
arro3-core==0.8.2 ; (platform_machine == 'arm64' and sys_platform == 'darwin') or (platform_machine == 'x86_64' and sys_platform == 'linux') \
    --hash=sha256:51eac10b2113623a452b44480844a4edbd17bfc83f4545b56e1240636b7c2334 \
    --hash=sha256:5c5b361bf1a483536047bbf22568baeae66d72bb2c265d2ac4d45ef51f23c921 \
    --hash=sha256:b74963ca517a940632020a04f3613321d7bb198c9ed2e193590d27c592ae9853 \
    --hash=sha256:c440eb44ab78397a783e4429490102967008a8b2383bd0f70433f4594689a7ee
    # via
    #   deltalake
    #   supabricks-analytics-fixture
deltalake==1.6.3 ; (platform_machine == 'arm64' and sys_platform == 'darwin') or (platform_machine == 'x86_64' and sys_platform == 'linux') \
    --hash=sha256:1a5163ed5550f5b83ba6f9a95b5e3dff09934a3165fb80ee0ab8e5919782ac6c \
    --hash=sha256:8cec745b5dff6581c0b26c5136e3f9eea7ac715a684fe4459b5c37c66407ae02 \
    --hash=sha256:b51d0109b0a86b336c7254a01495536d69c72593663d8de0bc320aa4523c0502 \
    --hash=sha256:b7176c9d2a48b3ad339902e6216cdde813857b9628ef53e972889c71d2836fc4
    # via supabricks-analytics-fixture
deprecated==1.3.1 ; (platform_machine == 'arm64' and sys_platform == 'darwin') or (platform_machine == 'x86_64' and sys_platform == 'linux') \
    --hash=sha256:597bfef186b6f60181535a29fbe44865ce137a5079f295b479886c82729d5f3f \
    --hash=sha256:b1b50e0ff0c1fddaa5708a2c6b0a6588bb09b892825ab2b214ac9ea9d92a5223
    # via
    #   deltalake
    #   supabricks-analytics-fixture
googleapis-common-protos==1.75.3 ; (platform_machine == 'arm64' and sys_platform == 'darwin') or (platform_machine == 'x86_64' and sys_platform == 'linux') \
    --hash=sha256:57c435ac2c68b108999b6db075d9053e4d7a936ba57b4a3d45667b1346f1738a \
    --hash=sha256:a018d2bf098ca9fb6faa08d5bb780e2a2c2f73c566f069761331386c9596d3f2
    # via
    #   grpcio-status
    #   pyspark-client
    #   supabricks-analytics-fixture
grpcio==1.83.1 ; (platform_machine == 'arm64' and sys_platform == 'darwin') or (platform_machine == 'x86_64' and sys_platform == 'linux') \
    --hash=sha256:16138031a47b771860a16a975b53087f4fd5bbdbb2c03a188c5d90ad65d2bdae \
    --hash=sha256:72578aa07a4008f17521ef52debcc3acfd1e2c5426243bc3ffb56a38bfe610b7 \
    --hash=sha256:9cee6fcbf2eb57c4b49451787bfa87be8efc1ca02a0b327dd4b54d44502e362b \
    --hash=sha256:9e703effe3ae779925c82ac24fdb82cf4105e1096810151ed9501c5f34546b9c
    # via
    #   grpcio-status
    #   pyspark-client
    #   supabricks-analytics-fixture
grpcio-status==1.83.1 ; (platform_machine == 'arm64' and sys_platform == 'darwin') or (platform_machine == 'x86_64' and sys_platform == 'linux') \
    --hash=sha256:2cd328ee62ef2b3eb957dd3b75db7dadcdbb76488fdc9ab3aba1ebfbbdc324a4 \
    --hash=sha256:c08c8d553d6ab96effae1d923839de22926f5a316a942f48a48040e047c517af
    # via
    #   pyspark-client
    #   supabricks-analytics-fixture
numpy==2.5.2 ; (platform_machine == 'arm64' and sys_platform == 'darwin') or (platform_machine == 'x86_64' and sys_platform == 'linux') \
    --hash=sha256:3cdec01fa790a186d430433fdd4d4ffb70eed6f0eeb4bf05c8dbe2dce0a9bcb8 \
    --hash=sha256:4bbd96c833ecc8cc069ce518078fc8c60cb9cbfb0fea5b7a803ad65035596d03 \
    --hash=sha256:6e8172ddfcf5cf74b811d372b570b83c60bd2de87a6fbfbebdadb4a9bd9c6cbb \
    --hash=sha256:c1f017dc0875c9209d219f97feceb7d54c2661bb243deb4114478e1295808af7 \
    --hash=sha256:d482d171c406ae88c5b19cad3b6a1c4c5209f886ab74bc44c2c865c23f52d860
    # via
    #   pandas
    #   pyspark-client
    #   supabricks-analytics-fixture
packaging==25.0 ; (platform_machine == 'arm64' and sys_platform == 'darwin') or (platform_machine == 'x86_64' and sys_platform == 'linux') \
    --hash=sha256:29572ef2b1f17581046b3a2227d5c611fb25ec70ca1ba8554b24b0e69331a484 \
    --hash=sha256:d443872c98d677bf60f6a1f2f8c1cb748e8fe762d2bf9d3148b5599295b0fc4f
    # via supabricks-analytics-fixture
pandas==2.3.3 ; (platform_machine == 'arm64' and sys_platform == 'darwin') or (platform_machine == 'x86_64' and sys_platform == 'linux') \
    --hash=sha256:371a4ab48e950033bcf52b6527eccb564f52dc826c02afd9a1bc0ab731bba084 \
    --hash=sha256:3fd2f887589c7aa868e02632612ba39acb0b8948faf5cc58f0850e165bd46f35 \
    --hash=sha256:b3d11d2fda7eb164ef27ffc14b4fcab16a80e1ce67e9f57e19ec0afaf715ba89 \
    --hash=sha256:e05e1af93b977f7eafa636d043f9f94c7ee3ac81af99c13508215942e64c993b
    # via
    #   pyspark-client
    #   supabricks-analytics-fixture
protobuf==7.36.1 ; (platform_machine == 'arm64' and sys_platform == 'darwin') or (platform_machine == 'x86_64' and sys_platform == 'linux') \
    --hash=sha256:3cf2ee25d006cee57294a1196ea43b37feb78e0dcd1e8af5c1aeddb777655aca \
    --hash=sha256:7d951e46b3f963d6c264c367c437921de9d5aedd9c3f9612b9077736b4e3ad5c \
    --hash=sha256:97198b77e369a0abd8e262b8f6c7266c55ddb796a3a12c76d7b8881188ed83aa \
    --hash=sha256:d0f6470f0ce2b84e3feaea2d4b816378b37ba4d4aa08a274305373de93e2d524
    # via
    #   googleapis-common-protos
    #   grpcio-status
    #   supabricks-analytics-fixture
psutil==7.2.2 ; (platform_machine == 'arm64' and sys_platform == 'darwin') or (platform_machine == 'x86_64' and sys_platform == 'linux') \
    --hash=sha256:0746f5f8d406af344fd547f1c8daa5f5c33dbc293bb8d6a16d80b4bb88f59372 \
    --hash=sha256:076a2d2f923fd4821644f5ba89f059523da90dc9014e85f8e45a5774ca5bc6f9 \
    --hash=sha256:1a7b04c10f32cc88ab39cbf606e117fd74721c831c98a27dc04578deb0c16979 \
    --hash=sha256:b58fabe35e80b264a4e3bb23e6b96f9e45a3df7fb7eed419ac0e5947c61e47cc
    # via supabricks-analytics-fixture
psycopg==3.3.5 ; (platform_machine == 'arm64' and sys_platform == 'darwin') or (platform_machine == 'x86_64' and sys_platform == 'linux') \
    --hash=sha256:ce5aa5cdb4f9379f00f487590e5890bfa7df9a164648c969ffa628505e21af4e \
    --hash=sha256:d0a3d9ccf5788af054cbd745278cb02401b5c312aeaafbf2c6144460aec47da4
    # via supabricks-analytics-fixture
psycopg-binary==3.3.5 ; (implementation_name != 'pypy' and platform_machine == 'arm64' and sys_platform == 'darwin') or (implementation_name != 'pypy' and platform_machine == 'x86_64' and sys_platform == 'linux') \
    --hash=sha256:0249c3e960cdee686000eb77169fb6590105c05bacc37e057ccdffdcd8e6ebde \
    --hash=sha256:682a17a57415c3ca1731eec018ed031f012ffcb81ba74806eb219cb396065672 \
    --hash=sha256:df9853b832b7b916e02ef68e0d5403a7dab2d5c1ddfe94f22b1b155eb862622f
    # via psycopg
pyarrow==25.0.1 ; (platform_machine == 'arm64' and sys_platform == 'darwin') or (platform_machine == 'x86_64' and sys_platform == 'linux') \
    --hash=sha256:5389cdf79447ed1515c9e31620e6e1e2302249564d603f2ad727d4f6d313e4c3 \
    --hash=sha256:6109c94d8b9f3b17a041daca16cacb2f651ad8f1ef70a4232c2c0f37a23da2a8 \
    --hash=sha256:9150a83248bfed9813ea3c3af74c3856c1984d444aa28e58bf7733b9750ddf6a \
    --hash=sha256:df961f2e7ae9cf496459259d798652c70625f6c080650d6952f8c04053c58ee9
    # via
    #   pyspark-client
    #   supabricks-analytics-fixture
pysail==0.7.1 ; (platform_machine == 'arm64' and sys_platform == 'darwin') or (platform_machine == 'x86_64' and sys_platform == 'linux') \
    --hash=sha256:360410b168608effc5ac80af478861cc27f6dc17172c11b3200f346dd448d7c9 \
    --hash=sha256:7d7ad335e1c8542c0df98b54700751bfa10b51a5223f0831825b96522df4ac26 \
    --hash=sha256:ab265f8f9e10c44d5c533a071cee0938dc42b291341473b8441b16c727d52917
    # via supabricks-analytics-fixture
pyspark-client==4.2.0 ; (platform_machine == 'arm64' and sys_platform == 'darwin') or (platform_machine == 'x86_64' and sys_platform == 'linux') \
    --hash=sha256:4008fe5e537bf0e57e7243d03abfaac089b7c87316bd07024784d8ea726f5d41
    # via supabricks-analytics-fixture
python-dateutil==2.9.0.post0 ; (platform_machine == 'arm64' and sys_platform == 'darwin') or (platform_machine == 'x86_64' and sys_platform == 'linux') \
    --hash=sha256:37dd54208da7e1cd875388217d5e00ebd4179249f90fb72437e91a35459a0ad3 \
    --hash=sha256:a8b2bc7bffae282281c8140a97d3aa9c14da0b136dfe83f850eea9a5f7470427
    # via
    #   pandas
    #   supabricks-analytics-fixture
pytz==2026.3.post1 ; (platform_machine == 'arm64' and sys_platform == 'darwin') or (platform_machine == 'x86_64' and sys_platform == 'linux') \
    --hash=sha256:2211d3fcf9a797d3405cac96ac7f61d80e6a644f72a3309607282fe8a2010c5d \
    --hash=sha256:dd95840dd199baea12d9cc096a1d452caa6596a1c1e4b5f3dbd1541855d5e815
    # via
    #   pandas
    #   supabricks-analytics-fixture
pyyaml==6.0.3 ; (platform_machine == 'arm64' and sys_platform == 'darwin') or (platform_machine == 'x86_64' and sys_platform == 'linux') \
    --hash=sha256:41715c910c881bc081f1e8872880d3c650acf13dfa8214bad49ed4cede7c34ea \
    --hash=sha256:ba1cc08a7ccde2d2ec775841541641e4548226580ab850948cbfda66a1befcdc \
    --hash=sha256:d76623373421df22fb4cf8817020cbb7ef15c725b9d5e45f17e189bfc384190f \
    --hash=sha256:fc09d0aa354569bc501d4e787133afc08552722d3ab34836a80547331bb5d4a0
    # via
    #   pyspark-client
    #   supabricks-analytics-fixture
setuptools==80.9.0 ; (platform_machine == 'arm64' and sys_platform == 'darwin') or (platform_machine == 'x86_64' and sys_platform == 'linux') \
    --hash=sha256:062d34222ad13e0cc312a4c02d73f059e86a4acbfbdea8f8f76b28c99f306922 \
    --hash=sha256:f36b47402ecde768dbfafc46e8e4207b4360c654f1f3bb84475f0a28628fb19c
    # via supabricks-analytics-fixture
six==1.17.0 ; (platform_machine == 'arm64' and sys_platform == 'darwin') or (platform_machine == 'x86_64' and sys_platform == 'linux') \
    --hash=sha256:4721f391ed90541fddacab5acf947aa0d3dc7d27b2e1e8eda2be8970586c3274 \
    --hash=sha256:ff70335d468e7eb6ec65b95b99d3a2836546063f63acc5171de367e834932a81
    # via
    #   python-dateutil
    #   supabricks-analytics-fixture
typing-extensions==4.16.0 ; (platform_machine == 'arm64' and sys_platform == 'darwin') or (platform_machine == 'x86_64' and sys_platform == 'linux') \
    --hash=sha256:481caa481374e813c1b176ada14e97f1f67a4539ce9cfeb3f350d78d6370c2e8 \
    --hash=sha256:dc983d19a509c94dba722ee6abd33940f7c05a89e243c47e907eb4db6f1a43e5
    # via
    #   grpcio
    #   psycopg
    #   supabricks-analytics-fixture
tzdata==2026.3 ; (platform_machine == 'arm64' and sys_platform == 'darwin') or (platform_machine == 'x86_64' and sys_platform == 'linux') \
    --hash=sha256:4a1518b8993086a7982523e071643f3c0e5f213e75b21318e78bcabfff9d1415 \
    --hash=sha256:dc096730c87af6cab1b171c9d532be840741ff5d459015e7f6947bd7d7e54931
    # via
    #   pandas
    #   supabricks-analytics-fixture
wheel==0.45.1 ; (platform_machine == 'arm64' and sys_platform == 'darwin') or (platform_machine == 'x86_64' and sys_platform == 'linux') \
    --hash=sha256:661e1abd9198507b1409a20c02106d9670b2576e916d58f520316666abca6729 \
    --hash=sha256:708e7481cc80179af0e556bbf0cc00b8444c7321e2700b8d8580231d13017248
    # via supabricks-analytics-fixture
wrapt==2.4.0 ; (platform_machine == 'arm64' and sys_platform == 'darwin') or (platform_machine == 'x86_64' and sys_platform == 'linux') \
    --hash=sha256:18aabd9301d06026f5900538051773d6f87f65ae02cdc60de482df978513dc0a \
    --hash=sha256:28f5de1526831b8f173889a436e289fe181ede8c66c9feb669d1aca8fd602eaf \
    --hash=sha256:6b9b32d5e4f0a179cef5075cc79b79d6d3482c44c434c12969e48c6719e06d95 \
    --hash=sha256:7082fc1f94b020ac275870c4af71b09cff22876fe6e9c4c0ad01ea21d217b288 \
    --hash=sha256:d7dbbdbfdacb85c2d962fa52db791c77943fd777d600d74c95af2d53b32f5a94
    # via
    #   deprecated
    #   supabricks-analytics-fixture
zstandard==0.25.0 ; (platform_machine == 'arm64' and sys_platform == 'darwin') or (platform_machine == 'x86_64' and sys_platform == 'linux') \
    --hash=sha256:474d2596a2dbc241a556e965fb76002c1ce655445e4e3bf38e5477d413165ffa \
    --hash=sha256:5a56ba0db2d244117ed744dfa8f6f5b366e14148e00de44723413b2f3938a902 \
    --hash=sha256:7713e1179d162cf5c7906da876ec2ccb9c3a9dcbdffef0cc7f70c3667a205f0b \
    --hash=sha256:913cbd31a400febff93b564a23e17c3ed2d56c064006f54efec210d586171c00 \
    --hash=sha256:aaf21ba8fb76d102b696781bddaa0954b782536446083ae3fdaa6f16b25a1c4b
    # via
    #   pyspark-client
    #   supabricks-analytics-fixture
