# This file was autogenerated by uv via the following command:
#    uv export --project e2e/native/performance/rocksdb --locked --format requirements-txt --no-emit-project --output-file e2e/native/performance/rocksdb/requirements.lock
rocksdict==0.3.29 ; (platform_machine == 'arm64' and sys_platform == 'darwin') or (platform_machine == 'x86_64' and sys_platform == 'linux') \
    --hash=sha256:36d336d9d796d08923badb2df778365676cd5a66b4762ffc2d0b952dfca8b276 \
    --hash=sha256:988dd3e2449d126b992057e03705efbb7ec92bf37918667000b80faac5e01482 \
    --hash=sha256:afa57cdd72a4b83ed17648c5d4965d9e2951d4acfebc6b5d228c951a500002be \
    --hash=sha256:d8c9a8f61d851f2f0c20452e321f3b999f85750119c91d41c09d6658d1caee97
    # via supabricks-sp10c-rocksdb-experiment
