# This file was autogenerated by uv via the following command:
#    uv export --project python/notebooks --locked --format requirements-txt --no-emit-project --output-file python/notebooks/requirements.lock
anyio==4.15.1 ; (platform_machine == 'arm64' and sys_platform == 'darwin') or (platform_machine == 'x86_64' and sys_platform == 'linux') \
    --hash=sha256:6152fdbbf9a77fdec97731721bebf7c4c44f7c29b424b0065826173efc7ed101 \
    --hash=sha256:9f28306018cbd6d329e64a36d58256edff76dd996fe423bc957326e578b82a94
    # via jupyter-server
appnope==1.0.0 ; platform_machine == 'arm64' and sys_platform == 'darwin' \
    --hash=sha256:685db59cb6043c3c2e528adc0b3bce3a5f8d09bcf7492c6ea650d1b7421f3c49 \
    --hash=sha256:6fe0c04218aab65c54c4ff81638cdbf848d89f5653b74d68638a137f200dd16e
    # via ipykernel
argon2-cffi==25.1.0 ; (platform_machine == 'arm64' and sys_platform == 'darwin') or (platform_machine == 'x86_64' and sys_platform == 'linux') \
    --hash=sha256:694ae5cc8a42f4c4e2bf2ca0e64e51e23a040c6a517a85074683d3959e1346c1 \
    --hash=sha256:fdc8b074db390fccb6eb4a3604ae7231f219aa669a2652e0f20e16ba513d5741
    # via jupyter-server
argon2-cffi-bindings==26.1.0 ; (platform_machine == 'arm64' and sys_platform == 'darwin') or (platform_machine == 'x86_64' and sys_platform == 'linux') \
    --hash=sha256:21ca0396fe5ec995dd54431c32698189666f9224810acfa752e50d2bd94d9df2 \
    --hash=sha256:27f1821903e2ceadcb88ec2b45ef190897b7682449c772f4d9b53e42c520cf29 \
    --hash=sha256:63505c71542a44b68b1e38060450fb006404170da375feb31af153e7f9c6205d \
    --hash=sha256:ffff613aaa9ce6236766e2fc6dc560bb5abde7a2e2416e3db1f9ae395a2b4dd4
    # via argon2-cffi
arro3-core==0.8.2 ; (platform_machine == 'arm64' and sys_platform == 'darwin') or (platform_machine == 'x86_64' and sys_platform == 'linux') \
    --hash=sha256:51eac10b2113623a452b44480844a4edbd17bfc83f4545b56e1240636b7c2334 \
    --hash=sha256:5c5b361bf1a483536047bbf22568baeae66d72bb2c265d2ac4d45ef51f23c921 \
    --hash=sha256:b74963ca517a940632020a04f3613321d7bb198c9ed2e193590d27c592ae9853 \
    --hash=sha256:c440eb44ab78397a783e4429490102967008a8b2383bd0f70433f4594689a7ee
    # via
    #   deltalake
    #   supabricks-notebook-runtime
arrow==1.4.0 ; (platform_machine == 'arm64' and sys_platform == 'darwin') or (platform_machine == 'x86_64' and sys_platform == 'linux') \
    --hash=sha256:749f0769958ebdc79c173ff0b0670d59051a535fa26e8eba02953dc19eb43205 \
    --hash=sha256:ed0cc050e98001b8779e84d461b0098c4ac597e88704a655582b21d116e526d7
    # via isoduration
asttokens==3.0.2 ; (platform_machine == 'arm64' and sys_platform == 'darwin') or (platform_machine == 'x86_64' and sys_platform == 'linux') \
    --hash=sha256:3ecdbd8f2cc195f53ccada3a613538bb5f9ef6f6869129f13e03c30a677b8fe2 \
    --hash=sha256:9da13157f5b28becde0bd374fc677dcd3c290614264eff096f167c469cd9f933
    # via stack-data
attrs==26.1.0 ; (platform_machine == 'arm64' and sys_platform == 'darwin') or (platform_machine == 'x86_64' and sys_platform == 'linux') \
    --hash=sha256:c647aa4a12dfbad9333ca4e71fe62ddc36f4e63b2d260a37a8b83d2f043ac309 \
    --hash=sha256:d03ceb89cb322a8fd706d4fb91940737b6642aa36998fe130a9bc96c985eff32
    # via
    #   jsonschema
    #   referencing
beautifulsoup4==4.15.0 ; (platform_machine == 'arm64' and sys_platform == 'darwin') or (platform_machine == 'x86_64' and sys_platform == 'linux') \
    --hash=sha256:288e3ca7d54b06f2ac191970bc275c1939cb46d450b255bf6718b04aa37ab4f7 \
    --hash=sha256:d6f88de62e1d4e38ecb1077eb9724cd0eff29d2a08ca16a401e9b9e93f117cf9
    # via nbconvert
bleach==6.4.0 ; (platform_machine == 'arm64' and sys_platform == 'darwin') or (platform_machine == 'x86_64' and sys_platform == 'linux') \
    --hash=sha256:4202482733d85cedd04e59fcb2f89f4e4c7c385a78d3c3c23c30446843a37452 \
    --hash=sha256:4b6b6a54fff2e69a3dde9d21cc6301220bee3c3cb792187d11403fd795031081
    # via nbconvert
cffi==2.1.1 ; (platform_machine == 'arm64' and sys_platform == 'darwin') or (platform_machine == 'x86_64' and sys_platform == 'linux') \
    --hash=sha256:210019b6c7cf07f081b4c54635c8cf744377001350e29cc0f81c4377b4797735 \
    --hash=sha256:c1453022f490d2459a11819d83ad1d586e9ff65a12ac3e705ffebd46d3685dcf \
    --hash=sha256:dd31f52ea1086513bb9df30f8fcee9b8918323ae067a3d5b78bc826a000712be \
    --hash=sha256:f81b3b8f3d4e343550fa4baa0e479bba9f2d29ce9c2e9b51d1ce1718d7442fcf
    # via
    #   argon2-cffi-bindings
    #   pyzmq
comm==0.2.3 ; (platform_machine == 'arm64' and sys_platform == 'darwin') or (platform_machine == 'x86_64' and sys_platform == 'linux') \
    --hash=sha256:2dc8048c10962d55d7ad693be1e7045d891b7ce8d999c97963a5e3e99c055971 \
    --hash=sha256:c615d91d75f7f04f095b30d1c1711babd43bdc6419c1be9886a85f2f4e489417
    # via ipykernel
debugpy==1.8.21 ; (platform_machine == 'arm64' and sys_platform == 'darwin') or (platform_machine == 'x86_64' and sys_platform == 'linux') \
    --hash=sha256:9f96713896f39c3dff0ee841f47320c3f2983d33c341e009361bb0ebc79adc4e \
    --hash=sha256:a3c53278e84c94e11bd87c53970ec391d1a67396c8b22609fcac576520e611a6 \
    --hash=sha256:b1e37d333663c8851516a47364ef473da127f9caebe4417e6df6f5825a7e9a92 \
    --hash=sha256:c193d474f0a211191f2b4449d2d06157c689013035bd952f3b617e0ef422b176
    # via ipykernel
defusedxml==0.7.1 ; (platform_machine == 'arm64' and sys_platform == 'darwin') or (platform_machine == 'x86_64' and sys_platform == 'linux') \
    --hash=sha256:1bb3032db185915b62d7c6209c5a8792be6a32ab2fedacc84e01b52c51aa3e69 \
    --hash=sha256:a352e7e428770286cc899e2542b6cdaedb2b4953ff269a210103ec58f6198a61
    # via nbconvert
deltalake==1.6.3 ; (platform_machine == 'arm64' and sys_platform == 'darwin') or (platform_machine == 'x86_64' and sys_platform == 'linux') \
    --hash=sha256:1a5163ed5550f5b83ba6f9a95b5e3dff09934a3165fb80ee0ab8e5919782ac6c \
    --hash=sha256:8cec745b5dff6581c0b26c5136e3f9eea7ac715a684fe4459b5c37c66407ae02 \
    --hash=sha256:b51d0109b0a86b336c7254a01495536d69c72593663d8de0bc320aa4523c0502 \
    --hash=sha256:b7176c9d2a48b3ad339902e6216cdde813857b9628ef53e972889c71d2836fc4
    # via supabricks-notebook-runtime
deprecated==1.3.1 ; (platform_machine == 'arm64' and sys_platform == 'darwin') or (platform_machine == 'x86_64' and sys_platform == 'linux') \
    --hash=sha256:597bfef186b6f60181535a29fbe44865ce137a5079f295b479886c82729d5f3f \
    --hash=sha256:b1b50e0ff0c1fddaa5708a2c6b0a6588bb09b892825ab2b214ac9ea9d92a5223
    # via
    #   deltalake
    #   supabricks-notebook-runtime
executing==2.2.1 ; (platform_machine == 'arm64' and sys_platform == 'darwin') or (platform_machine == 'x86_64' and sys_platform == 'linux') \
    --hash=sha256:3632cc370565f6648cc328b32435bd120a1e4ebb20c77e3fdde9a13cd1e533c4 \
    --hash=sha256:760643d3452b4d777d295bb167ccc74c64a81df23fb5e08eff250c425a4b2017
    # via stack-data
fastjsonschema==2.22.2 ; (platform_machine == 'arm64' and sys_platform == 'darwin') or (platform_machine == 'x86_64' and sys_platform == 'linux') \
    --hash=sha256:0fb3915616adac85ccfdd737d26be1089845d2019819505b42d39888458f74d4 \
    --hash=sha256:72064e12356a7d6ef02165be2946b9abadbdf238536e07eb587e3dbaa33099cf
    # via nbformat
fqdn==1.5.1 ; (platform_machine == 'arm64' and sys_platform == 'darwin') or (platform_machine == 'x86_64' and sys_platform == 'linux') \
    --hash=sha256:105ed3677e767fb5ca086a0c1f4bb66ebc3c100be518f0e0d755d9eae164d89f \
    --hash=sha256:3a179af3761e4df6eb2e026ff9e1a3033d3587bf980a0b1b2e1e5d08d7358014
    # via jsonschema
googleapis-common-protos==1.75.3 ; (platform_machine == 'arm64' and sys_platform == 'darwin') or (platform_machine == 'x86_64' and sys_platform == 'linux') \
    --hash=sha256:57c435ac2c68b108999b6db075d9053e4d7a936ba57b4a3d45667b1346f1738a \
    --hash=sha256:a018d2bf098ca9fb6faa08d5bb780e2a2c2f73c566f069761331386c9596d3f2
    # via
    #   grpcio-status
    #   pyspark-client
    #   supabricks-notebook-runtime
grpcio==1.83.1 ; (platform_machine == 'arm64' and sys_platform == 'darwin') or (platform_machine == 'x86_64' and sys_platform == 'linux') \
    --hash=sha256:16138031a47b771860a16a975b53087f4fd5bbdbb2c03a188c5d90ad65d2bdae \
    --hash=sha256:72578aa07a4008f17521ef52debcc3acfd1e2c5426243bc3ffb56a38bfe610b7 \
    --hash=sha256:9cee6fcbf2eb57c4b49451787bfa87be8efc1ca02a0b327dd4b54d44502e362b \
    --hash=sha256:9e703effe3ae779925c82ac24fdb82cf4105e1096810151ed9501c5f34546b9c
    # via
    #   grpcio-status
    #   pyspark-client
    #   supabricks-notebook-runtime
grpcio-status==1.83.1 ; (platform_machine == 'arm64' and sys_platform == 'darwin') or (platform_machine == 'x86_64' and sys_platform == 'linux') \
    --hash=sha256:2cd328ee62ef2b3eb957dd3b75db7dadcdbb76488fdc9ab3aba1ebfbbdc324a4 \
    --hash=sha256:c08c8d553d6ab96effae1d923839de22926f5a316a942f48a48040e047c517af
    # via
    #   pyspark-client
    #   supabricks-notebook-runtime
idna==3.19 ; (platform_machine == 'arm64' and sys_platform == 'darwin') or (platform_machine == 'x86_64' and sys_platform == 'linux') \
    --hash=sha256:5e0811a4383b21dc5838069f801c4fb62113b7447663d2530d2bd6e77b49bf15 \
    --hash=sha256:815e7be7a7806d54abb586dc943addc79e8b2ee16915059658cbeff4b1b43bf4
    # via
    #   anyio
    #   jsonschema
ipykernel==7.3.0 ; (platform_machine == 'arm64' and sys_platform == 'darwin') or (platform_machine == 'x86_64' and sys_platform == 'linux') \
    --hash=sha256:897eb64da762549ef610698fca5e9675195ec6ac8ec7f19d81ce1ca20c876057 \
    --hash=sha256:9acaaaf97d16355166e4085afe9d225bfbdf2b7ef520f9df3be8f2b248275e09
    # via supabricks-notebook-runtime
ipython==9.17.1 ; (platform_machine == 'arm64' and sys_platform == 'darwin') or (platform_machine == 'x86_64' and sys_platform == 'linux') \
    --hash=sha256:6d1645743cfd1a07eb695d85aa2b5fa66721f8cbae9431d4049f7084bbf06509 \
    --hash=sha256:8919be8c27f20a6f4423145028063f6637b42a03ce57665bb12015ee1f073529
    # via ipykernel
ipython-pygments-lexers==1.1.1 ; (platform_machine == 'arm64' and sys_platform == 'darwin') or (platform_machine == 'x86_64' and sys_platform == 'linux') \
    --hash=sha256:09c0138009e56b6854f9535736f4171d855c8c08a563a0dcd8022f78355c7e81 \
    --hash=sha256:a9462224a505ade19a605f71f8fa63c2048833ce50abc86768a0d81d876dc81c
    # via ipython
isoduration==20.11.0 ; (platform_machine == 'arm64' and sys_platform == 'darwin') or (platform_machine == 'x86_64' and sys_platform == 'linux') \
    --hash=sha256:ac2f9015137935279eac671f94f89eb00584f940f5dc49462a0c4ee692ba1bd9 \
    --hash=sha256:b2904c2a4228c3d44f409c8ae8e2370eb21a26f7ac2ec5446df141dde3452042
    # via jsonschema
jedi==0.20.0 ; (platform_machine == 'arm64' and sys_platform == 'darwin') or (platform_machine == 'x86_64' and sys_platform == 'linux') \
    --hash=sha256:7bdd9c2634f56713299976f4cbd59cb3fa92165cc5e05ea811fb253480728b67 \
    --hash=sha256:c3f4ccbd276696f4b19c54618d4fb18f9fc24b0aef02acf704b23f487daa1011
    # via ipython
jinja2==3.1.6 ; (platform_machine == 'arm64' and sys_platform == 'darwin') or (platform_machine == 'x86_64' and sys_platform == 'linux') \
    --hash=sha256:0137fb05990d35f1275a587e9aee6d56da821fc83491a0fb838183be43f66d6d \
    --hash=sha256:85ece4451f492d0c13c5dd7c13a64681a86afae63a5f347908daf103ce6d2f67
    # via
    #   jupyter-server
    #   nbconvert
jsonpointer==3.1.1 ; (platform_machine == 'arm64' and sys_platform == 'darwin') or (platform_machine == 'x86_64' and sys_platform == 'linux') \
    --hash=sha256:0b801c7db33a904024f6004d526dcc53bbb8a4a0f4e32bfd10beadf60adf1900 \
    --hash=sha256:8ff8b95779d071ba472cf5bc913028df06031797532f08a7d5b602d8b2a488ca
    # via jsonschema
jsonschema==4.26.0 ; (platform_machine == 'arm64' and sys_platform == 'darwin') or (platform_machine == 'x86_64' and sys_platform == 'linux') \
    --hash=sha256:0c26707e2efad8aa1bfc5b7ce170f3fccc2e4918ff85989ba9ffa9facb2be326 \
    --hash=sha256:d489f15263b8d200f8387e64b4c3a75f06629559fb73deb8fdfb525f2dab50ce
    # via
    #   jupyter-events
    #   nbformat
jsonschema-specifications==2025.9.1 ; (platform_machine == 'arm64' and sys_platform == 'darwin') or (platform_machine == 'x86_64' and sys_platform == 'linux') \
    --hash=sha256:98802fee3a11ee76ecaca44429fda8a41bff98b00a0f2838151b113f210cc6fe \
    --hash=sha256:b540987f239e745613c7a9176f3edb72b832a4ac465cf02712288397832b5e8d
    # via jsonschema
jupyter-client==8.10.0 ; (platform_machine == 'arm64' and sys_platform == 'darwin') or (platform_machine == 'x86_64' and sys_platform == 'linux') \
    --hash=sha256:5f73f24f22fa25192cfff6b23c051932a2473a797b05734aff495b392103e14e \
    --hash=sha256:9f7116294dca55f1785be880057d44544db9b1567718d92cb33c58886afb9497
    # via
    #   ipykernel
    #   jupyter-server
    #   nbclient
jupyter-core==5.9.1 ; (platform_machine == 'arm64' and sys_platform == 'darwin') or (platform_machine == 'x86_64' and sys_platform == 'linux') \
    --hash=sha256:4d09aaff303b9566c3ce657f580bd089ff5c91f5f89cf7d8846c3cdf465b5508 \
    --hash=sha256:ebf87fdc6073d142e114c72c9e29a9d7ca03fad818c5d300ce2adc1fb0743407
    # via
    #   ipykernel
    #   jupyter-client
    #   jupyter-server
    #   nbclient
    #   nbconvert
    #   nbformat
jupyter-events==0.12.1 ; (platform_machine == 'arm64' and sys_platform == 'darwin') or (platform_machine == 'x86_64' and sys_platform == 'linux') \
    --hash=sha256:c366585253f537a627da52fa7ca7410c5b5301fe893f511e7b077c2d93ec8bcf \
    --hash=sha256:faff25f77218335752f35f23c5fe6e4a392a7bd99a5939ccb9b8fbf594636cf3
    # via jupyter-server
jupyter-server==2.21.0 ; (platform_machine == 'arm64' and sys_platform == 'darwin') or (platform_machine == 'x86_64' and sys_platform == 'linux') \
    --hash=sha256:2ae2e5ce5e97268553e25aebe040197455673d925b5fc7995477153318160cf7 \
    --hash=sha256:70d9a1883f57d3576ea17f4ce061ec1a7aad7ef388d00428cfb7f5e4f0022271
    # via supabricks-notebook-runtime
jupyter-server-terminals==0.5.4 ; (platform_machine == 'arm64' and sys_platform == 'darwin') or (platform_machine == 'x86_64' and sys_platform == 'linux') \
    --hash=sha256:55be353fc74a80bc7f3b20e6be50a55a61cd525626f578dcb66a5708e2007d14 \
    --hash=sha256:bbda128ed41d0be9020349f9f1f2a4ab9952a73ed5f5ac9f1419794761fb87f5
    # via jupyter-server
jupyterlab-pygments==0.3.0 ; (platform_machine == 'arm64' and sys_platform == 'darwin') or (platform_machine == 'x86_64' and sys_platform == 'linux') \
    --hash=sha256:721aca4d9029252b11cfa9d185e5b5af4d54772bb8072f9b7036f4170054d35d \
    --hash=sha256:841a89020971da1d8693f1a99997aefc5dc424bb1b251fd6322462a1b8842780
    # via nbconvert
lark==1.3.1 ; (platform_machine == 'arm64' and sys_platform == 'darwin') or (platform_machine == 'x86_64' and sys_platform == 'linux') \
    --hash=sha256:b426a7a6d6d53189d318f2b6236ab5d6429eaf09259f1ca33eb716eed10d2905 \
    --hash=sha256:c629b661023a014c37da873b4ff58a817398d12635d3bbb2c5a03be7fe5d1e12
    # via rfc3987-syntax
markupsafe==3.0.3 ; (platform_machine == 'arm64' and sys_platform == 'darwin') or (platform_machine == 'x86_64' and sys_platform == 'linux') \
    --hash=sha256:1872df69a4de6aead3491198eaf13810b565bdbeec3ae2dc8780f14458ec73ce \
    --hash=sha256:722695808f4b6457b320fdc131280796bdceb04ab50fe1795cd540799ebe1698 \
    --hash=sha256:77f0643abe7495da77fb436f50f8dab76dbc6e5fd25d39589a0f1fe6548bfa2b \
    --hash=sha256:d6dd0be5b5b189d31db7cda48b91d7e0a9795f31430b7f271219ab30f1d3ac9d
    # via
    #   jinja2
    #   nbconvert
matplotlib-inline==0.2.2 ; (platform_machine == 'arm64' and sys_platform == 'darwin') or (platform_machine == 'x86_64' and sys_platform == 'linux') \
    --hash=sha256:3c821cf1c209f59fb2d2d64abbf5b23b67bcb2210d663f9918dd851c6da1fcf6 \
    --hash=sha256:72f3fe8fce36b70d4a5b612f899090cd0401deddc4ea90e1572b9f4bfb058c79
    # via
    #   ipykernel
    #   ipython
mistune==3.3.4 ; (platform_machine == 'arm64' and sys_platform == 'darwin') or (platform_machine == 'x86_64' and sys_platform == 'linux') \
    --hash=sha256:58b5c96d6fcb61190dfe5fae498d2b2065f99cf61e9649418fd54cf1ada86dfe \
    --hash=sha256:ee015381e955e370962968befe1d729ab60fafb6a715ac6751763fbce38c8d4a
    # via nbconvert
nbclient==0.11.0 ; (platform_machine == 'arm64' and sys_platform == 'darwin') or (platform_machine == 'x86_64' and sys_platform == 'linux') \
    --hash=sha256:04a134a5b087f2c5887f228aca155db50169b8cd9334dee6942c8e927e56081a \
    --hash=sha256:ef7fa0d59d6e1d41103933d8a445a18d5de860ca6b613b87b8574accdb3c2895
    # via nbconvert
nbconvert==7.17.1 ; (platform_machine == 'arm64' and sys_platform == 'darwin') or (platform_machine == 'x86_64' and sys_platform == 'linux') \
    --hash=sha256:34d0d0a7e73ce3cbab6c5aae8f4f468797280b01fd8bd2ca746da8569eddd7d2 \
    --hash=sha256:aa85c087b435e7bf1ffd03319f658e285f2b89eccab33bc1ba7025495ab3e7c8
    # via jupyter-server
nbformat==5.11.1 ; (platform_machine == 'arm64' and sys_platform == 'darwin') or (platform_machine == 'x86_64' and sys_platform == 'linux') \
    --hash=sha256:32d4521c68c6e7d5b29c76defaeed9f42ea733142b9b19f88277ce10390b9c4d \
    --hash=sha256:cc6698fa75f4fab8755ead786317815f13a6fee3b53311c0abb1a8b51d52f7ec
    # via
    #   jupyter-server
    #   nbclient
    #   nbconvert
nest-asyncio2==1.7.2 ; (platform_machine == 'arm64' and sys_platform == 'darwin') or (platform_machine == 'x86_64' and sys_platform == 'linux') \
    --hash=sha256:1921d70b92cc4612c374928d081552efb59b83d91b2b789d935c665fa01729a8 \
    --hash=sha256:f5dfa702f3f81f6a03857e9a19e2ba578c0946a4ad417b4c50a24d7ba641fe01
    # via ipykernel
numpy==2.5.2 ; (platform_machine == 'arm64' and sys_platform == 'darwin') or (platform_machine == 'x86_64' and sys_platform == 'linux') \
    --hash=sha256:3cdec01fa790a186d430433fdd4d4ffb70eed6f0eeb4bf05c8dbe2dce0a9bcb8 \
    --hash=sha256:4bbd96c833ecc8cc069ce518078fc8c60cb9cbfb0fea5b7a803ad65035596d03 \
    --hash=sha256:6e8172ddfcf5cf74b811d372b570b83c60bd2de87a6fbfbebdadb4a9bd9c6cbb \
    --hash=sha256:c1f017dc0875c9209d219f97feceb7d54c2661bb243deb4114478e1295808af7 \
    --hash=sha256:d482d171c406ae88c5b19cad3b6a1c4c5209f886ab74bc44c2c865c23f52d860
    # via
    #   pandas
    #   pyspark-client
    #   supabricks-notebook-runtime
packaging==25.0 ; (platform_machine == 'arm64' and sys_platform == 'darwin') or (platform_machine == 'x86_64' and sys_platform == 'linux') \
    --hash=sha256:29572ef2b1f17581046b3a2227d5c611fb25ec70ca1ba8554b24b0e69331a484 \
    --hash=sha256:d443872c98d677bf60f6a1f2f8c1cb748e8fe762d2bf9d3148b5599295b0fc4f
    # via
    #   ipykernel
    #   jupyter-events
    #   jupyter-server
    #   nbconvert
    #   supabricks-notebook-runtime
pandas==2.3.3 ; (platform_machine == 'arm64' and sys_platform == 'darwin') or (platform_machine == 'x86_64' and sys_platform == 'linux') \
    --hash=sha256:371a4ab48e950033bcf52b6527eccb564f52dc826c02afd9a1bc0ab731bba084 \
    --hash=sha256:3fd2f887589c7aa868e02632612ba39acb0b8948faf5cc58f0850e165bd46f35 \
    --hash=sha256:b3d11d2fda7eb164ef27ffc14b4fcab16a80e1ce67e9f57e19ec0afaf715ba89 \
    --hash=sha256:e05e1af93b977f7eafa636d043f9f94c7ee3ac81af99c13508215942e64c993b
    # via
    #   pyspark-client
    #   supabricks-notebook-runtime
pandocfilters==1.5.1 ; (platform_machine == 'arm64' and sys_platform == 'darwin') or (platform_machine == 'x86_64' and sys_platform == 'linux') \
    --hash=sha256:002b4a555ee4ebc03f8b66307e287fa492e4a77b4ea14d3f934328297bb4939e \
    --hash=sha256:93be382804a9cdb0a7267585f157e5d1731bbe5545a85b268d6f5fe6232de2bc
    # via nbconvert
parso==0.8.7 ; (platform_machine == 'arm64' and sys_platform == 'darwin') or (platform_machine == 'x86_64' and sys_platform == 'linux') \
    --hash=sha256:a8926eb2a1b915486941fdbd31e86a4baf88fe8c210f25f2f35ecec5b574ca1c \
    --hash=sha256:eaaac4c9fdd5e9e8852dc778d2d7405897ec510f2a298071453e5e3a07914bb1
    # via jedi
pexpect==4.9.0 ; (platform_machine == 'arm64' and sys_platform == 'darwin') or (platform_machine == 'x86_64' and sys_platform == 'linux') \
    --hash=sha256:7236d1e080e4936be2dc3e326cec0af72acf9212a7e1d060210e70a47e253523 \
    --hash=sha256:ee7d41123f3c9911050ea2c2dac107568dc43b2d3b0c7557a33212c398ead30f
    # via ipython
platformdirs==4.11.8 ; (platform_machine == 'arm64' and sys_platform == 'darwin') or (platform_machine == 'x86_64' and sys_platform == 'linux') \
    --hash=sha256:52f2f181bbfde907966932cc8312d967d02976422d66d537ea16092b8e291081 \
    --hash=sha256:f23abafea7dd4276d1f29104b83598d7dcc567cafd07c9c951e66665645437fc
    # via jupyter-core
prometheus-client==0.26.0 ; (platform_machine == 'arm64' and sys_platform == 'darwin') or (platform_machine == 'x86_64' and sys_platform == 'linux') \
    --hash=sha256:04a91bcf94e2cf74a44a1a874d651a2e853ed354b6e822f3b7487751465d5c2b \
    --hash=sha256:fa93d06737aa02bacd05794768508bb97d2fbee28cb3bca04eaae92f0ca953d6
    # via jupyter-server
prompt-toolkit==3.0.53 ; (platform_machine == 'arm64' and sys_platform == 'darwin') or (platform_machine == 'x86_64' and sys_platform == 'linux') \
    --hash=sha256:01c0891d7f9237d5e339f7d3e42cdae80b7534abb1c7c0e3352efba6231492f2 \
    --hash=sha256:9ec8a0ad96d5c56148b3f914aa79c1564c3fde5d2e6b876e7bc327e353cf8fa6
    # via ipython
protobuf==7.36.1 ; (platform_machine == 'arm64' and sys_platform == 'darwin') or (platform_machine == 'x86_64' and sys_platform == 'linux') \
    --hash=sha256:3cf2ee25d006cee57294a1196ea43b37feb78e0dcd1e8af5c1aeddb777655aca \
    --hash=sha256:7d951e46b3f963d6c264c367c437921de9d5aedd9c3f9612b9077736b4e3ad5c \
    --hash=sha256:97198b77e369a0abd8e262b8f6c7266c55ddb796a3a12c76d7b8881188ed83aa \
    --hash=sha256:d0f6470f0ce2b84e3feaea2d4b816378b37ba4d4aa08a274305373de93e2d524
    # via
    #   googleapis-common-protos
    #   grpcio-status
    #   supabricks-notebook-runtime
psutil==7.2.2 ; (platform_machine == 'arm64' and sys_platform == 'darwin') or (platform_machine == 'x86_64' and sys_platform == 'linux') \
    --hash=sha256:0746f5f8d406af344fd547f1c8daa5f5c33dbc293bb8d6a16d80b4bb88f59372 \
    --hash=sha256:076a2d2f923fd4821644f5ba89f059523da90dc9014e85f8e45a5774ca5bc6f9 \
    --hash=sha256:1a7b04c10f32cc88ab39cbf606e117fd74721c831c98a27dc04578deb0c16979 \
    --hash=sha256:b58fabe35e80b264a4e3bb23e6b96f9e45a3df7fb7eed419ac0e5947c61e47cc
    # via
    #   ipykernel
    #   ipython
    #   supabricks-notebook-runtime
psycopg==3.3.5 ; (platform_machine == 'arm64' and sys_platform == 'darwin') or (platform_machine == 'x86_64' and sys_platform == 'linux') \
    --hash=sha256:ce5aa5cdb4f9379f00f487590e5890bfa7df9a164648c969ffa628505e21af4e \
    --hash=sha256:d0a3d9ccf5788af054cbd745278cb02401b5c312aeaafbf2c6144460aec47da4
    # via supabricks-notebook-runtime
psycopg-binary==3.3.5 ; (implementation_name != 'pypy' and platform_machine == 'arm64' and sys_platform == 'darwin') or (implementation_name != 'pypy' and platform_machine == 'x86_64' and sys_platform == 'linux') \
    --hash=sha256:0249c3e960cdee686000eb77169fb6590105c05bacc37e057ccdffdcd8e6ebde \
    --hash=sha256:682a17a57415c3ca1731eec018ed031f012ffcb81ba74806eb219cb396065672 \
    --hash=sha256:df9853b832b7b916e02ef68e0d5403a7dab2d5c1ddfe94f22b1b155eb862622f
    # via psycopg
ptyprocess==0.7.0 ; (platform_machine == 'arm64' and sys_platform == 'darwin') or (platform_machine == 'x86_64' and sys_platform == 'linux') \
    --hash=sha256:4b41f3967fce3af57cc7e94b888626c18bf37a083e3651ca8feeb66d492fef35 \
    --hash=sha256:5c5d0a3b48ceee0b48485e0c26037c0acd7d29765ca3fbb5cb3831d347423220
    # via
    #   pexpect
    #   terminado
pure-eval==0.2.3 ; (platform_machine == 'arm64' and sys_platform == 'darwin') or (platform_machine == 'x86_64' and sys_platform == 'linux') \
    --hash=sha256:1db8e35b67b3d218d818ae653e27f06c3aa420901fa7b081ca98cbedc874e0d0 \
    --hash=sha256:5f4e983f40564c576c7c8635ae88db5956bb2229d7e9237d03b3c0b0190eaf42
    # via stack-data
pyarrow==25.0.1 ; (platform_machine == 'arm64' and sys_platform == 'darwin') or (platform_machine == 'x86_64' and sys_platform == 'linux') \
    --hash=sha256:5389cdf79447ed1515c9e31620e6e1e2302249564d603f2ad727d4f6d313e4c3 \
    --hash=sha256:6109c94d8b9f3b17a041daca16cacb2f651ad8f1ef70a4232c2c0f37a23da2a8 \
    --hash=sha256:9150a83248bfed9813ea3c3af74c3856c1984d444aa28e58bf7733b9750ddf6a \
    --hash=sha256:df961f2e7ae9cf496459259d798652c70625f6c080650d6952f8c04053c58ee9
    # via
    #   pyspark-client
    #   supabricks-notebook-runtime
pycparser==3.0 ; (implementation_name != 'PyPy' and platform_machine == 'arm64' and sys_platform == 'darwin') or (implementation_name != 'PyPy' and platform_machine == 'x86_64' and sys_platform == 'linux') \
    --hash=sha256:600f49d217304a5902ac3c37e1281c9fe94e4d0489de643a9504c5cdfdfc6b29 \
    --hash=sha256:b727414169a36b7d524c1c3e31839a521725078d7b2ff038656844266160a992
    # via cffi
pygments==2.21.0 ; (platform_machine == 'arm64' and sys_platform == 'darwin') or (platform_machine == 'x86_64' and sys_platform == 'linux') \
    --hash=sha256:2363c69b61c4a97c838da3b130dcd6468f4848992b21a82f2a63ec34377137d9 \
    --hash=sha256:610ca751c9bc2492b38eb9a38a7fbc93edbbb2d7182edaf34e66ae493dee5c8c
    # via
    #   ipython
    #   ipython-pygments-lexers
    #   nbconvert
pysail==0.7.1 ; (platform_machine == 'arm64' and sys_platform == 'darwin') or (platform_machine == 'x86_64' and sys_platform == 'linux') \
    --hash=sha256:360410b168608effc5ac80af478861cc27f6dc17172c11b3200f346dd448d7c9 \
    --hash=sha256:7d7ad335e1c8542c0df98b54700751bfa10b51a5223f0831825b96522df4ac26 \
    --hash=sha256:ab265f8f9e10c44d5c533a071cee0938dc42b291341473b8441b16c727d52917
    # via supabricks-notebook-runtime
pyspark-client==4.2.0 ; (platform_machine == 'arm64' and sys_platform == 'darwin') or (platform_machine == 'x86_64' and sys_platform == 'linux') \
    --hash=sha256:4008fe5e537bf0e57e7243d03abfaac089b7c87316bd07024784d8ea726f5d41
    # via supabricks-notebook-runtime
python-dateutil==2.9.0.post0 ; (platform_machine == 'arm64' and sys_platform == 'darwin') or (platform_machine == 'x86_64' and sys_platform == 'linux') \
    --hash=sha256:37dd54208da7e1cd875388217d5e00ebd4179249f90fb72437e91a35459a0ad3 \
    --hash=sha256:a8b2bc7bffae282281c8140a97d3aa9c14da0b136dfe83f850eea9a5f7470427
    # via
    #   arrow
    #   jupyter-client
    #   pandas
    #   supabricks-notebook-runtime
python-json-logger==4.2.0 ; (platform_machine == 'arm64' and sys_platform == 'darwin') or (platform_machine == 'x86_64' and sys_platform == 'linux') \
    --hash=sha256:158a52126fcd6869e09574d2b66272666f3dc8f468c62637ef9a1fa883719cb9 \
    --hash=sha256:e371ebe22ec01e289850102091a2b1f6fc9e655c7f1f5f29073936756c290afa
    # via jupyter-events
pytz==2026.3.post1 ; (platform_machine == 'arm64' and sys_platform == 'darwin') or (platform_machine == 'x86_64' and sys_platform == 'linux') \
    --hash=sha256:2211d3fcf9a797d3405cac96ac7f61d80e6a644f72a3309607282fe8a2010c5d \
    --hash=sha256:dd95840dd199baea12d9cc096a1d452caa6596a1c1e4b5f3dbd1541855d5e815
    # via
    #   pandas
    #   supabricks-notebook-runtime
pyyaml==6.0.3 ; (platform_machine == 'arm64' and sys_platform == 'darwin') or (platform_machine == 'x86_64' and sys_platform == 'linux') \
    --hash=sha256:41715c910c881bc081f1e8872880d3c650acf13dfa8214bad49ed4cede7c34ea \
    --hash=sha256:ba1cc08a7ccde2d2ec775841541641e4548226580ab850948cbfda66a1befcdc \
    --hash=sha256:d76623373421df22fb4cf8817020cbb7ef15c725b9d5e45f17e189bfc384190f \
    --hash=sha256:fc09d0aa354569bc501d4e787133afc08552722d3ab34836a80547331bb5d4a0
    # via
    #   jupyter-events
    #   pyspark-client
    #   supabricks-notebook-runtime
pyzmq==27.2.0 ; (platform_machine == 'arm64' and sys_platform == 'darwin') or (platform_machine == 'x86_64' and sys_platform == 'linux') \
    --hash=sha256:54d4259d1bfae24ecdb5ca79f7acc2eac6c286a02d6a0ae617797cb45f0726d3 \
    --hash=sha256:591c8de5851c5ea372194469fe97587b97c3b641e9a70f31bb3474acbfde0241 \
    --hash=sha256:dea74fd65f1fc5f7fe167916a473ebe6ed6174e5e5d9de11ea6583661be6cf43 \
    --hash=sha256:f707bcf2c1d007d14d70531d4dd7b41060881c73efa845580bf6faaf9ea24d42
    # via
    #   ipykernel
    #   jupyter-client
    #   jupyter-server
referencing==0.37.0 ; (platform_machine == 'arm64' and sys_platform == 'darwin') or (platform_machine == 'x86_64' and sys_platform == 'linux') \
    --hash=sha256:381329a9f99628c9069361716891d34ad94af76e461dcb0335825aecc7692231 \
    --hash=sha256:44aefc3142c5b842538163acb373e24cce6632bd54bdb01b21ad5863489f50d8
    # via
    #   jsonschema
    #   jsonschema-specifications
    #   jupyter-events
rfc3339-validator==0.1.4 ; (platform_machine == 'arm64' and sys_platform == 'darwin') or (platform_machine == 'x86_64' and sys_platform == 'linux') \
    --hash=sha256:138a2abdf93304ad60530167e51d2dfb9549521a836871b88d7f4695d0022f6b \
    --hash=sha256:24f6ec1eda14ef823da9e36ec7113124b39c04d50a4d3d3a3c2859577e7791fa
    # via
    #   jsonschema
    #   jupyter-events
rfc3986-validator==0.1.1 ; (platform_machine == 'arm64' and sys_platform == 'darwin') or (platform_machine == 'x86_64' and sys_platform == 'linux') \
    --hash=sha256:2f235c432ef459970b4306369336b9d5dbdda31b510ca1e327636e01f528bfa9 \
    --hash=sha256:3d44bde7921b3b9ec3ae4e3adca370438eccebc676456449b145d533b240d055
    # via
    #   jsonschema
    #   jupyter-events
rfc3987-syntax==1.1.0 ; (platform_machine == 'arm64' and sys_platform == 'darwin') or (platform_machine == 'x86_64' and sys_platform == 'linux') \
    --hash=sha256:6c3d97604e4c5ce9f714898e05401a0445a641cfa276432b0a648c80856f6a3f \
    --hash=sha256:717a62cbf33cffdd16dfa3a497d81ce48a660ea691b1ddd7be710c22f00b4a0d
    # via jsonschema
rpds-py==2026.6.3 ; (platform_machine == 'arm64' and sys_platform == 'darwin') or (platform_machine == 'x86_64' and sys_platform == 'linux') \
    --hash=sha256:1cebd1337c242e4ec2293e541f712b2da849b29f48f0c293684b71c0632625d4 \
    --hash=sha256:538949e262e46caa31ac01bdb3c1e8f642622922cacbabbae6a8445d9dc33eaf \
    --hash=sha256:a214c993455f99a89aaeadc9b21241900037adc9d97203e374d75513c5911822 \
    --hash=sha256:ecabd69db66de867690f9797f2f8fa27ba501bbc24540cbdbdc649cd15888ba6
    # via
    #   jsonschema
    #   referencing
send2trash==2.1.0 ; (platform_machine == 'arm64' and sys_platform == 'darwin') or (platform_machine == 'x86_64' and sys_platform == 'linux') \
    --hash=sha256:0da2f112e6d6bb22de6aa6daa7e144831a4febf2a87261451c4ad849fe9a873c \
    --hash=sha256:1c72b39f09457db3c05ce1d19158c2cbef4c32b8bedd02c155e49282b7ea7459
    # via jupyter-server
setuptools==80.9.0 ; (platform_machine == 'arm64' and sys_platform == 'darwin') or (platform_machine == 'x86_64' and sys_platform == 'linux') \
    --hash=sha256:062d34222ad13e0cc312a4c02d73f059e86a4acbfbdea8f8f76b28c99f306922 \
    --hash=sha256:f36b47402ecde768dbfafc46e8e4207b4360c654f1f3bb84475f0a28628fb19c
    # via supabricks-notebook-runtime
six==1.17.0 ; (platform_machine == 'arm64' and sys_platform == 'darwin') or (platform_machine == 'x86_64' and sys_platform == 'linux') \
    --hash=sha256:4721f391ed90541fddacab5acf947aa0d3dc7d27b2e1e8eda2be8970586c3274 \
    --hash=sha256:ff70335d468e7eb6ec65b95b99d3a2836546063f63acc5171de367e834932a81
    # via
    #   python-dateutil
    #   rfc3339-validator
    #   supabricks-notebook-runtime
soupsieve==2.9.2 ; (platform_machine == 'arm64' and sys_platform == 'darwin') or (platform_machine == 'x86_64' and sys_platform == 'linux') \
    --hash=sha256:4a55d8cf158a9c2e587fa4922f1bbb91d68ac829e2d6f25403a85747c71daf74 \
    --hash=sha256:8089a26fd974ca7a1f30276d3d8492ab266ab15af581642dfe8aa162e0c1c823
    # via beautifulsoup4
stack-data==0.6.3 ; (platform_machine == 'arm64' and sys_platform == 'darwin') or (platform_machine == 'x86_64' and sys_platform == 'linux') \
    --hash=sha256:836a778de4fec4dcd1dcd89ed8abff8a221f58308462e1c4aa2a3cf30148f0b9 \
    --hash=sha256:d5558e0c25a4cb0853cddad3d77da9891a08cb85dd9f9f91b9f8cd66e511e695
    # via ipython
terminado==0.18.1 ; (platform_machine == 'arm64' and sys_platform == 'darwin') or (platform_machine == 'x86_64' and sys_platform == 'linux') \
    --hash=sha256:a4468e1b37bb318f8a86514f65814e1afc977cf29b3992a4500d9dd305dcceb0 \
    --hash=sha256:de09f2c4b85de4765f7714688fff57d3e75bad1f909b589fde880460c753fd2e
    # via
    #   jupyter-server
    #   jupyter-server-terminals
tinycss2==1.5.1 ; (platform_machine == 'arm64' and sys_platform == 'darwin') or (platform_machine == 'x86_64' and sys_platform == 'linux') \
    --hash=sha256:3415ba0f5839c062696996998176c4a3751d18b7edaaeeb658c9ce21ec150661 \
    --hash=sha256:d339d2b616ba90ccce58da8495a78f46e55d4d25f9fd71dfd526f07e7d53f957
    # via bleach
tornado==6.5.8 ; (platform_machine == 'arm64' and sys_platform == 'darwin') or (platform_machine == 'x86_64' and sys_platform == 'linux') \
    --hash=sha256:547d63f450d570c14fe0e8db2cfb14c9bbd1c2503b4a6612586267955aa47b58 \
    --hash=sha256:7b94ff0e128fe0542f3bd331fb44d06260fc4ac16881545159f34ef08aad4195 \
    --hash=sha256:9452e1b208a8bd771e2cb1f2ff564985b9b214bdebbe622793e1799e0a6bd23f \
    --hash=sha256:cc6aa787d7cfab7c3d35189dc7a56fbd2399a569624c730c6b55b3d6531d0403
    # via
    #   ipykernel
    #   jupyter-client
    #   jupyter-server
    #   terminado
traitlets==5.16.1 ; (platform_machine == 'arm64' and sys_platform == 'darwin') or (platform_machine == 'x86_64' and sys_platform == 'linux') \
    --hash=sha256:ed900c2b631aa3a112811139fa97b8d2c3bad5e989656bba4b7e52c7852c18c1 \
    --hash=sha256:f775618166caa0396c8e337099240f2bd3e5e917d203b2e6fbe21a58d3cb1f6b
    # via
    #   ipykernel
    #   ipython
    #   jupyter-client
    #   jupyter-core
    #   jupyter-events
    #   jupyter-server
    #   matplotlib-inline
    #   nbclient
    #   nbconvert
    #   nbformat
typing-extensions==4.16.0 ; (platform_machine == 'arm64' and sys_platform == 'darwin') or (platform_machine == 'x86_64' and sys_platform == 'linux') \
    --hash=sha256:481caa481374e813c1b176ada14e97f1f67a4539ce9cfeb3f350d78d6370c2e8 \
    --hash=sha256:dc983d19a509c94dba722ee6abd33940f7c05a89e243c47e907eb4db6f1a43e5
    # via
    #   anyio
    #   beautifulsoup4
    #   grpcio
    #   jupyter-client
    #   psycopg
    #   referencing
    #   supabricks-notebook-runtime
tzdata==2026.3 ; (platform_machine == 'arm64' and sys_platform == 'darwin') or (platform_machine == 'x86_64' and sys_platform == 'linux') \
    --hash=sha256:4a1518b8993086a7982523e071643f3c0e5f213e75b21318e78bcabfff9d1415 \
    --hash=sha256:dc096730c87af6cab1b171c9d532be840741ff5d459015e7f6947bd7d7e54931
    # via
    #   arrow
    #   pandas
    #   supabricks-notebook-runtime
uri-template==1.3.0 ; (platform_machine == 'arm64' and sys_platform == 'darwin') or (platform_machine == 'x86_64' and sys_platform == 'linux') \
    --hash=sha256:0e00f8eb65e18c7de20d595a14336e9f337ead580c70934141624b6d1ffdacc7 \
    --hash=sha256:a44a133ea12d44a0c0f06d7d42a52d71282e77e2f937d8abd5655b8d56fc1363
    # via jsonschema
wcwidth==0.8.3 ; (platform_machine == 'arm64' and sys_platform == 'darwin') or (platform_machine == 'x86_64' and sys_platform == 'linux') \
    --hash=sha256:d128512515fbf4612e0ff21fd6380399210318b7b54a9af59dff8454cf9730eb \
    --hash=sha256:d5b73dba6158a595ec9370350e7f2637bcac8d6c5e4fde34f30fcffb6103a5e4
    # via prompt-toolkit
webcolors==25.10.0 ; (platform_machine == 'arm64' and sys_platform == 'darwin') or (platform_machine == 'x86_64' and sys_platform == 'linux') \
    --hash=sha256:032c727334856fc0b968f63daa252a1ac93d33db2f5267756623c210e57a4f1d \
    --hash=sha256:62abae86504f66d0f6364c2a8520de4a0c47b80c03fc3a5f1815fedbef7c19bf
    # via jsonschema
webencodings==0.6.1 ; (platform_machine == 'arm64' and sys_platform == 'darwin') or (platform_machine == 'x86_64' and sys_platform == 'linux') \
    --hash=sha256:565f9ad031c702dae404e27a099e3e09186a3ab1b9520f06d215502b651fd910 \
    --hash=sha256:7fab6269c8bf237c657876b52058ccb182e861518d1c695c1a9aaa8c1c105d5b
    # via
    #   bleach
    #   tinycss2
websocket-client==1.9.2 ; (platform_machine == 'arm64' and sys_platform == 'darwin') or (platform_machine == 'x86_64' and sys_platform == 'linux') \
    --hash=sha256:0fcb57545848be86992e128218fd96dd87a6769ffdb1a968dff79632b85604d0 \
    --hash=sha256:e1a673830a9c7bfa47b1cd3d5e4178f4c9651d80a4eab02c9c23a1c3ec6250ce
    # via jupyter-server
wheel==0.45.1 ; (platform_machine == 'arm64' and sys_platform == 'darwin') or (platform_machine == 'x86_64' and sys_platform == 'linux') \
    --hash=sha256:661e1abd9198507b1409a20c02106d9670b2576e916d58f520316666abca6729 \
    --hash=sha256:708e7481cc80179af0e556bbf0cc00b8444c7321e2700b8d8580231d13017248
    # via supabricks-notebook-runtime
wrapt==2.4.0 ; (platform_machine == 'arm64' and sys_platform == 'darwin') or (platform_machine == 'x86_64' and sys_platform == 'linux') \
    --hash=sha256:18aabd9301d06026f5900538051773d6f87f65ae02cdc60de482df978513dc0a \
    --hash=sha256:28f5de1526831b8f173889a436e289fe181ede8c66c9feb669d1aca8fd602eaf \
    --hash=sha256:6b9b32d5e4f0a179cef5075cc79b79d6d3482c44c434c12969e48c6719e06d95 \
    --hash=sha256:7082fc1f94b020ac275870c4af71b09cff22876fe6e9c4c0ad01ea21d217b288 \
    --hash=sha256:d7dbbdbfdacb85c2d962fa52db791c77943fd777d600d74c95af2d53b32f5a94
    # via
    #   deprecated
    #   supabricks-notebook-runtime
zstandard==0.25.0 ; (platform_machine == 'arm64' and sys_platform == 'darwin') or (platform_machine == 'x86_64' and sys_platform == 'linux') \
    --hash=sha256:474d2596a2dbc241a556e965fb76002c1ce655445e4e3bf38e5477d413165ffa \
    --hash=sha256:5a56ba0db2d244117ed744dfa8f6f5b366e14148e00de44723413b2f3938a902 \
    --hash=sha256:7713e1179d162cf5c7906da876ec2ccb9c3a9dcbdffef0cc7f70c3667a205f0b \
    --hash=sha256:913cbd31a400febff93b564a23e17c3ed2d56c064006f54efec210d586171c00 \
    --hash=sha256:aaf21ba8fb76d102b696781bddaa0954b782536446083ae3fdaa6f16b25a1c4b
    # via
    #   pyspark-client
    #   supabricks-notebook-runtime
